
Microsoft Visual Studio Solution File, Format Version 12.00
# Visual Studio Version 17
VisualStudioVersion = 17.7.34031.279
MinimumVisualStudioVersion = 10.0.40219.1
Project("{8BC9CEB8-8B4A-11D0-8D11-00A0C91BC942}") = "Learn_C", "Learn_C.vcxproj", "{B516A7B5-1455-4C48-9DC1-2463BED5F3C9}"
EndProject
Global
	GlobalSection(SolutionConfigurationPlatforms) = preSolution
		Debug|x64 = Debug|x64
		Debug|x86 = Debug|x86
		Release|x64 = Release|x64
		Release|x86 = Release|x86
	EndGlobalSection
	GlobalSection(ProjectConfigurationPlatforms) = postSolution
		{B516A7B5-1455-4C48-9DC1-2463BED5F3C9}.Debug|x64.ActiveCfg = Debug|x64
		{B516A7B5-1455-4C48-9DC1-2463BED5F3C9}.Debug|x64.Build.0 = Debug|x64
		{B516A7B5-1455-4C48-9DC1-2463BED5F3C9}.Debug|x86.ActiveCfg = Debug|Win32
		{B516A7B5-1455-4C48-9DC1-2463BED5F3C9}.Debug|x86.Build.0 = Debug|Win32
		{B516A7B5-1455-4C48-9DC1-2463BED5F3C9}.Release|x64.ActiveCfg = Release|x64
		{B516A7B5-1455-4C48-9DC1-2463BED5F3C9}.Release|x64.Build.0 = Release|x64
		{B516A7B5-1455-4C48-9DC1-2463BED5F3C9}.Release|x86.ActiveCfg = Release|Win32
		{B516A7B5-1455-4C48-9DC1-2463BED5F3C9}.Release|x86.Build.0 = Release|Win32
	EndGlobalSection
	GlobalSection(SolutionProperties) = preSolution
		HideSolutionNode = FALSE
	EndGlobalSection
	GlobalSection(ExtensibilityGlobals) = postSolution
		SolutionGuid = {D26E0501-58FB-4A31-ABB7-FEF71B47A223}
	EndGlobalSection
EndGlobal
